
Microsoft Visual Studio Solution File, Format Version 12.00
# Visual Studio Version 17
VisualStudioVersion = 17.7.34221.43
MinimumVisualStudioVersion = 10.0.40219.1
Project("{FAE04EC0-301F-11D3-BF4B-00C04F79EFBC}") = "CodealongUke5", "CodealongUke5.csproj", "{2D158821-DFCD-40DD-9AD8-A5B6E76A2980}"
EndProject
Global
	GlobalSection(SolutionConfigurationPlatforms) = preSolution
		Debug|Any CPU = Debug|Any CPU
		Release|Any CPU = Release|Any CPU
	EndGlobalSection
	GlobalSection(ProjectConfigurationPlatforms) = postSolution
		{2D158821-DFCD-40DD-9AD8-A5B6E76A2980}.Debug|Any CPU.ActiveCfg = Debug|Any CPU
		{2D158821-DFCD-40DD-9AD8-A5B6E76A2980}.Debug|Any CPU.Build.0 = Debug|Any CPU
		{2D158821-DFCD-40DD-9AD8-A5B6E76A2980}.Release|Any CPU.ActiveCfg = Release|Any CPU
		{2D158821-DFCD-40DD-9AD8-A5B6E76A2980}.Release|Any CPU.Build.0 = Release|Any CPU
	EndGlobalSection
	GlobalSection(SolutionProperties) = preSolution
		HideSolutionNode = FALSE
	EndGlobalSection
	GlobalSection(ExtensibilityGlobals) = postSolution
		SolutionGuid = {A1026624-13D1-4493-A0C0-F71B7845F06A}
	EndGlobalSection
EndGlobal
